// !$*UTF8*$!
{
	archiveVersion = 1;
	classes = {
	};
	objectVersion = 50;
	objects = {

/* Begin PBXBuildFile section */
		296F06A0240A4F4700E220BE /* LevelData.swift in Sources */ = {isa = PBXBuildFile; fileRef = 296F069F240A4F4700E220BE /* LevelData.swift */; };
		296F06A4240A69DF00E220BE /* Constants.swift in Sources */ = {isa = PBXBuildFile; fileRef = 296F06A3240A69DF00E220BE /* Constants.swift */; };
		29EE329E2409B8DA008547E5 /* AppDelegate.swift in Sources */ = {isa = PBXBuildFile; fileRef = 29EE329D2409B8DA008547E5 /* AppDelegate.swift */; };
		29EE32A02409B8DA008547E5 /* SceneDelegate.swift in Sources */ = {isa = PBXBuildFile; fileRef = 29EE329F2409B8DA008547E5 /* SceneDelegate.swift */; };
		29EE32A52409B8DA008547E5 /* Main.storyboard in Resources */ = {isa = PBXBuildFile; fileRef = 29EE32A32409B8DA008547E5 /* Main.storyboard */; };
		29EE32A72409B8DC008547E5 /* Assets.xcassets in Resources */ = {isa = PBXBuildFile; fileRef = 29EE32A62409B8DC008547E5 /* Assets.xcassets */; };
		29EE32AA2409B8DC008547E5 /* LaunchScreen.storyboard in Resources */ = {isa = PBXBuildFile; fileRef = 29EE32A82409B8DC008547E5 /* LaunchScreen.storyboard */; };
		29EE32B42409BFC8008547E5 /* MainController.swift in Sources */ = {isa = PBXBuildFile; fileRef = 29EE32B32409BFC8008547E5 /* MainController.swift */; };
		29EE32B72409C06B008547E5 /* LevelCell.swift in Sources */ = {isa = PBXBuildFile; fileRef = 29EE32B52409C06B008547E5 /* LevelCell.swift */; };
		29EE32B82409C06B008547E5 /* LevelCell.xib in Resources */ = {isa = PBXBuildFile; fileRef = 29EE32B62409C06B008547E5 /* LevelCell.xib */; };
/* End PBXBuildFile section */

/* Begin PBXFileReference section */
		296F069F240A4F4700E220BE /* LevelData.swift */ = {isa = PBXFileReference; lastKnownFileType = sourcecode.swift; path = LevelData.swift; sourceTree = "<group>"; };
		296F06A3240A69DF00E220BE /* Constants.swift */ = {isa = PBXFileReference; lastKnownFileType = sourcecode.swift; path = Constants.swift; sourceTree = "<group>"; };
		29EE329A2409B8DA008547E5 /* What Painter.app */ = {isa = PBXFileReference; explicitFileType = wrapper.application; includeInIndex = 0; path = "What Painter.app"; sourceTree = BUILT_PRODUCTS_DIR; };
		29EE329D2409B8DA008547E5 /* AppDelegate.swift */ = {isa = PBXFileReference; lastKnownFileType = sourcecode.swift; path = AppDelegate.swift; sourceTree = "<group>"; };
		29EE329F2409B8DA008547E5 /* SceneDelegate.swift */ = {isa = PBXFileReference; lastKnownFileType = sourcecode.swift; path = SceneDelegate.swift; sourceTree = "<group>"; };
		29EE32A42409B8DA008547E5 /* Base */ = {isa = PBXFileReference; lastKnownFileType = file.storyboard; name = Base; path = Base.lproj/Main.storyboard; sourceTree = "<group>"; };
		29EE32A62409B8DC008547E5 /* Assets.xcassets */ = {isa = PBXFileReference; lastKnownFileType = folder.assetcatalog; path = Assets.xcassets; sourceTree = "<group>"; };
		29EE32A92409B8DC008547E5 /* Base */ = {isa = PBXFileReference; lastKnownFileType = file.storyboard; name = Base; path = Base.lproj/LaunchScreen.storyboard; sourceTree = "<group>"; };
		29EE32AB2409B8DC008547E5 /* Info.plist */ = {isa = PBXFileReference; lastKnownFileType = text.plist.xml; path = Info.plist; sourceTree = "<group>"; };
		29EE32B32409BFC8008547E5 /* MainController.swift */ = {isa = PBXFileReference; lastKnownFileType = sourcecode.swift; path = MainController.swift; sourceTree = "<group>"; };
		29EE32B52409C06B008547E5 /* LevelCell.swift */ = {isa = PBXFileReference; lastKnownFileType = sourcecode.swift; path = LevelCell.swift; sourceTree = "<group>"; };
		29EE32B62409C06B008547E5 /* LevelCell.xib */ = {isa = PBXFileReference; lastKnownFileType = file.xib; path = LevelCell.xib; sourceTree = "<group>"; };
/* End PBXFileReference section */

/* Begin PBXFrameworksBuildPhase section */
		29EE32972409B8DA008547E5 /* Frameworks */ = {
			isa = PBXFrameworksBuildPhase;
			buildActionMask = 2147483647;
			files = (
			);
			runOnlyForDeploymentPostprocessing = 0;
		};
/* End PBXFrameworksBuildPhase section */

/* Begin PBXGroup section */
		296F06A1240A4F4B00E220BE /* Models */ = {
			isa = PBXGroup;
			children = (
				296F069F240A4F4700E220BE /* LevelData.swift */,
			);
			path = Models;
			sourceTree = "<group>";
		};
		296F06A2240A5DCD00E220BE /* LevelCell */ = {
			isa = PBXGroup;
			children = (
				29EE32B52409C06B008547E5 /* LevelCell.swift */,
				29EE32B62409C06B008547E5 /* LevelCell.xib */,
			);
			path = LevelCell;
			sourceTree = "<group>";
		};
		29EE32912409B8DA008547E5 = {
			isa = PBXGroup;
			children = (
				29EE329C2409B8DA008547E5 /* What Painter */,
				29EE329B2409B8DA008547E5 /* Products */,
			);
			sourceTree = "<group>";
		};
		29EE329B2409B8DA008547E5 /* Products */ = {
			isa = PBXGroup;
			children = (
				29EE329A2409B8DA008547E5 /* What Painter.app */,
			);
			name = Products;
			sourceTree = "<group>";
		};
		29EE329C2409B8DA008547E5 /* What Painter */ = {
			isa = PBXGroup;
			children = (
				29EE329D2409B8DA008547E5 /* AppDelegate.swift */,
				29EE329F2409B8DA008547E5 /* SceneDelegate.swift */,
				296F06A1240A4F4B00E220BE /* Models */,
				29EE32B12409BADB008547E5 /* Views */,
				29EE32B22409BAE4008547E5 /* Controllers */,
				29EE32A62409B8DC008547E5 /* Assets.xcassets */,
				29EE32A82409B8DC008547E5 /* LaunchScreen.storyboard */,
				29EE32AB2409B8DC008547E5 /* Info.plist */,
				296F06A3240A69DF00E220BE /* Constants.swift */,
			);
			path = "What Painter";
			sourceTree = "<group>";
		};
		29EE32B12409BADB008547E5 /* Views */ = {
			isa = PBXGroup;
			children = (
				296F06A2240A5DCD00E220BE /* LevelCell */,
				29EE32A32409B8DA008547E5 /* Main.storyboard */,
			);
			path = Views;
			sourceTree = "<group>";
		};
		29EE32B22409BAE4008547E5 /* Controllers */ = {
			isa = PBXGroup;
			children = (
				29EE32B32409BFC8008547E5 /* MainController.swift */,
			);
			path = Controllers;
			sourceTree = "<group>";
		};
/* End PBXGroup section */

/* Begin PBXNativeTarget section */
		29EE32992409B8DA008547E5 /* What Painter */ = {
			isa = PBXNativeTarget;
			buildConfigurationList = 29EE32AE2409B8DC008547E5 /* Build configuration list for PBXNativeTarget "What Painter" */;
			buildPhases = (
				29EE32962409B8DA008547E5 /* Sources */,
				29EE32972409B8DA008547E5 /* Frameworks */,
				29EE32982409B8DA008547E5 /* Resources */,
			);
			buildRules = (
			);
			dependencies = (
			);
			name = "What Painter";
			productName = "What Painter";
			productReference = 29EE329A2409B8DA008547E5 /* What Painter.app */;
			productType = "com.apple.product-type.application";
		};
/* End PBXNativeTarget section */

/* Begin PBXProject section */
		29EE32922409B8DA008547E5 /* Project object */ = {
			isa = PBXProject;
			attributes = {
				LastSwiftUpdateCheck = 1130;
				LastUpgradeCheck = 1130;
				ORGANIZATIONNAME = "Александров Денис Александрович";
				TargetAttributes = {
					29EE32992409B8DA008547E5 = {
						CreatedOnToolsVersion = 11.3.1;
					};
				};
			};
			buildConfigurationList = 29EE32952409B8DA008547E5 /* Build configuration list for PBXProject "What Painter" */;
			compatibilityVersion = "Xcode 9.3";
			developmentRegion = en;
			hasScannedForEncodings = 0;
			knownRegions = (
				en,
				Base,
			);
			mainGroup = 29EE32912409B8DA008547E5;
			productRefGroup = 29EE329B2409B8DA008547E5 /* Products */;
			projectDirPath = "";
			projectRoot = "";
			targets = (
				29EE32992409B8DA008547E5 /* What Painter */,
			);
		};
/* End PBXProject section */

/* Begin PBXResourcesBuildPhase section */
		29EE32982409B8DA008547E5 /* Resources */ = {
			isa = PBXResourcesBuildPhase;
			buildActionMask = 2147483647;
			files = (
				29EE32AA2409B8DC008547E5 /* LaunchScreen.storyboard in Resources */,
				29EE32A72409B8DC008547E5 /* Assets.xcassets in Resources */,
				29EE32B82409C06B008547E5 /* LevelCell.xib in Resources */,
				29EE32A52409B8DA008547E5 /* Main.storyboard in Resources */,
			);
			runOnlyForDeploymentPostprocessing = 0;
		};
/* End PBXResourcesBuildPhase section */

/* Begin PBXSourcesBuildPhase section */
		29EE32962409B8DA008547E5 /* Sources */ = {
			isa = PBXSourcesBuildPhase;
			buildActionMask = 2147483647;
			files = (
				29EE32B42409BFC8008547E5 /* MainController.swift in Sources */,
				29EE329E2409B8DA008547E5 /* AppDelegate.swift in Sources */,
				296F06A0240A4F4700E220BE /* LevelData.swift in Sources */,
				29EE32B72409C06B008547E5 /* LevelCell.swift in Sources */,
				29EE32A02409B8DA008547E5 /* SceneDelegate.swift in Sources */,
				296F06A4240A69DF00E220BE /* Constants.swift in Sources */,
			);
			runOnlyForDeploymentPostprocessing = 0;
		};
/* End PBXSourcesBuildPhase section */

/* Begin PBXVariantGroup section */
		29EE32A32409B8DA008547E5 /* Main.storyboard */ = {
			isa = PBXVariantGroup;
			children = (
				29EE32A42409B8DA008547E5 /* Base */,
			);
			name = Main.storyboard;
			sourceTree = "<group>";
		};
		29EE32A82409B8DC008547E5 /* LaunchScreen.storyboard */ = {
			isa = PBXVariantGroup;
			children = (
				29EE32A92409B8DC008547E5 /* Base */,
			);
			name = LaunchScreen.storyboard;
			sourceTree = "<group>";
		};
/* End PBXVariantGroup section */

/* Begin XCBuildConfiguration section */
		29EE32AC2409B8DC008547E5 /* Debug */ = {
			isa = XCBuildConfiguration;
			buildSettings = {
				ALWAYS_SEARCH_USER_PATHS = NO;
				CLANG_ANALYZER_NONNULL = YES;
				CLANG_ANALYZER_NUMBER_OBJECT_CONVERSION = YES_AGGRESSIVE;
				CLANG_CXX_LANGUAGE_STANDARD = "gnu++14";
				CLANG_CXX_LIBRARY = "libc++";
				CLANG_ENABLE_MODULES = YES;
				CLANG_ENABLE_OBJC_ARC = YES;
				CLANG_ENABLE_OBJC_WEAK = YES;
				CLANG_WARN_BLOCK_CAPTURE_AUTORELEASING = YES;
				CLANG_WARN_BOOL_CONVERSION = YES;
				CLANG_WARN_COMMA = YES;
				CLANG_WARN_CONSTANT_CONVERSION = YES;
				CLANG_WARN_DEPRECATED_OBJC_IMPLEMENTATIONS = YES;
				CLANG_WARN_DIRECT_OBJC_ISA_USAGE = YES_ERROR;
				CLANG_WARN_DOCUMENTATION_COMMENTS = YES;
				CLANG_WARN_EMPTY_BODY = YES;
				CLANG_WARN_ENUM_CONVERSION = YES;
				CLANG_WARN_INFINITE_RECURSION = YES;
				CLANG_WARN_INT_CONVERSION = YES;
				CLANG_WARN_NON_LITERAL_NULL_CONVERSION = YES;
				CLANG_WARN_OBJC_IMPLICIT_RETAIN_SELF = YES;
				CLANG_WARN_OBJC_LITERAL_CONVERSION = YES;
				CLANG_WARN_OBJC_ROOT_CLASS = YES_ERROR;
				CLANG_WARN_RANGE_LOOP_ANALYSIS = YES;
				CLANG_WARN_STRICT_PROTOTYPES = YES;
				CLANG_WARN_SUSPICIOUS_MOVE = YES;
				CLANG_WARN_UNGUARDED_AVAILABILITY = YES_AGGRESSIVE;
				CLANG_WARN_UNREACHABLE_CODE = YES;
				CLANG_WARN__DUPLICATE_METHOD_MATCH = YES;
				COPY_PHASE_STRIP = NO;
				DEBUG_INFORMATION_FORMAT = dwarf;
				ENABLE_STRICT_OBJC_MSGSEND = YES;
				ENABLE_TESTABILITY = YES;
				GCC_C_LANGUAGE_STANDARD = gnu11;
				GCC_DYNAMIC_NO_PIC = NO;
				GCC_NO_COMMON_BLOCKS = YES;
				GCC_OPTIMIZATION_LEVEL = 0;
				GCC_PREPROCESSOR_DEFINITIONS = (
					"DEBUG=1",
					"$(inherited)",
				);
				GCC_WARN_64_TO_32_BIT_CONVERSION = YES;
				GCC_WARN_ABOUT_RETURN_TYPE = YES_ERROR;
				GCC_WARN_UNDECLARED_SELECTOR = YES;
				GCC_WARN_UNINITIALIZED_AUTOS = YES_AGGRESSIVE;
				GCC_WARN_UNUSED_FUNCTION = YES;
				GCC_WARN_UNUSED_VARIABLE = YES;
				IPHONEOS_DEPLOYMENT_TARGET = 13.2;
				MTL_ENABLE_DEBUG_INFO = INCLUDE_SOURCE;
				MTL_FAST_MATH = YES;
				ONLY_ACTIVE_ARCH = YES;
				SDKROOT = iphoneos;
				SWIFT_ACTIVE_COMPILATION_CONDITIONS = DEBUG;
				SWIFT_OPTIMIZATION_LEVEL = "-Onone";
			};
			name = Debug;
		};
		29EE32AD2409B8DC008547E5 /* Release */ = {
			isa = XCBuildConfiguration;
			buildSettings = {
				ALWAYS_SEARCH_USER_PATHS = NO;
				CLANG_ANALYZER_NONNULL = YES;
				CLANG_ANALYZER_NUMBER_OBJECT_CONVERSION = YES_AGGRESSIVE;
				CLANG_CXX_LANGUAGE_STANDARD = "gnu++14";
				CLANG_CXX_LIBRARY = "libc++";
				CLANG_ENABLE_MODULES = YES;
				CLANG_ENABLE_OBJC_ARC = YES;
				CLANG_ENABLE_OBJC_WEAK = YES;
				CLANG_WARN_BLOCK_CAPTURE_AUTORELEASING = YES;
				CLANG_WARN_BOOL_CONVERSION = YES;
				CLANG_WARN_COMMA = YES;
				CLANG_WARN_CONSTANT_CONVERSION = YES;
				CLANG_WARN_DEPRECATED_OBJC_IMPLEMENTATIONS = YES;
				CLANG_WARN_DIRECT_OBJC_ISA_USAGE = YES_ERROR;
				CLANG_WARN_DOCUMENTATION_COMMENTS = YES;
				CLANG_WARN_EMPTY_BODY = YES;
				CLANG_WARN_ENUM_CONVERSION = YES;
				CLANG_WARN_INFINITE_RECURSION = YES;
				CLANG_WARN_INT_CONVERSION = YES;
				CLANG_WARN_NON_LITERAL_NULL_CONVERSION = YES;
				CLANG_WARN_OBJC_IMPLICIT_RETAIN_SELF = YES;
				CLANG_WARN_OBJC_LITERAL_CONVERSION = YES;
				CLANG_WARN_OBJC_ROOT_CLASS = YES_ERROR;
				CLANG_WARN_RANGE_LOOP_ANALYSIS = YES;
				CLANG_WARN_STRICT_PROTOTYPES = YES;
				CLANG_WARN_SUSPICIOUS_MOVE = YES;
				CLANG_WARN_UNGUARDED_AVAILABILITY = YES_AGGRESSIVE;
				CLANG_WARN_UNREACHABLE_CODE = YES;
				CLANG_WARN__DUPLICATE_METHOD_MATCH = YES;
				COPY_PHASE_STRIP = NO;
				DEBUG_INFORMATION_FORMAT = "dwarf-with-dsym";
				ENABLE_NS_ASSERTIONS = NO;
				ENABLE_STRICT_OBJC_MSGSEND = YES;
				GCC_C_LANGUAGE_STANDARD = gnu11;
				GCC_NO_COMMON_BLOCKS = YES;
				GCC_WARN_64_TO_32_BIT_CONVERSION = YES;
				GCC_WARN_ABOUT_RETURN_TYPE = YES_ERROR;
				GCC_WARN_UNDECLARED_SELECTOR = YES;
				GCC_WARN_UNINITIALIZED_AUTOS = YES_AGGRESSIVE;
				GCC_WARN_UNUSED_FUNCTION = YES;
				GCC_WARN_UNUSED_VARIABLE = YES;
				IPHONEOS_DEPLOYMENT_TARGET = 13.2;
				MTL_ENABLE_DEBUG_INFO = NO;
				MTL_FAST_MATH = YES;
				SDKROOT = iphoneos;
				SWIFT_COMPILATION_MODE = wholemodule;
				SWIFT_OPTIMIZATION_LEVEL = "-O";
				VALIDATE_PRODUCT = YES;
			};
			name = Release;
		};
		29EE32AF2409B8DC008547E5 /* Debug */ = {
			isa = XCBuildConfiguration;
			buildSettings = {
				ASSETCATALOG_COMPILER_APPICON_NAME = AppIcon;
				CODE_SIGN_STYLE = Automatic;
				DEVELOPMENT_TEAM = U6U7U5CXA5;
				INFOPLIST_FILE = "What Painter/Info.plist";
				LD_RUNPATH_SEARCH_PATHS = (
					"$(inherited)",
					"@executable_path/Frameworks",
				);
				PRODUCT_BUNDLE_IDENTIFIER = "com.denchiklut.What-Painter";
				PRODUCT_NAME = "$(TARGET_NAME)";
				SWIFT_VERSION = 5.0;
				TARGETED_DEVICE_FAMILY = "1,2";
			};
			name = Debug;
		};
		29EE32B02409B8DC008547E5 /* Release */ = {
			isa = XCBuildConfiguration;
			buildSettings = {
				ASSETCATALOG_COMPILER_APPICON_NAME = AppIcon;
				CODE_SIGN_STYLE = Automatic;
				DEVELOPMENT_TEAM = U6U7U5CXA5;
				INFOPLIST_FILE = "What Painter/Info.plist";
				LD_RUNPATH_SEARCH_PATHS = (
					"$(inherited)",
					"@executable_path/Frameworks",
				);
				PRODUCT_BUNDLE_IDENTIFIER = "com.denchiklut.What-Painter";
				PRODUCT_NAME = "$(TARGET_NAME)";
				SWIFT_VERSION = 5.0;
				TARGETED_DEVICE_FAMILY = "1,2";
			};
			name = Release;
		};
/* End XCBuildConfiguration section */

/* Begin XCConfigurationList section */
		29EE32952409B8DA008547E5 /* Build configuration list for PBXProject "What Painter" */ = {
			isa = XCConfigurationList;
			buildConfigurations = (
				29EE32AC2409B8DC008547E5 /* Debug */,
				29EE32AD2409B8DC008547E5 /* Release */,
			);
			defaultConfigurationIsVisible = 0;
			defaultConfigurationName = Release;
		};
		29EE32AE2409B8DC008547E5 /* Build configuration list for PBXNativeTarget "What Painter" */ = {
			isa = XCConfigurationList;
			buildConfigurations = (
				29EE32AF2409B8DC008547E5 /* Debug */,
				29EE32B02409B8DC008547E5 /* Release */,
			);
			defaultConfigurationIsVisible = 0;
			defaultConfigurationName = Release;
		};
/* End XCConfigurationList section */
	};
	rootObject = 29EE32922409B8DA008547E5 /* Project object */;
}
