// !$*UTF8*$!
{
	archiveVersion = 1;
	classes = {
	};
	objectVersion = 50;
	objects = {

/* Begin PBXBuildFile section */
		29138FCC2413E01700785968 /* Describe.storyboard in Resources */ = {isa = PBXBuildFile; fileRef = 29138FCB2413E01700785968 /* Describe.storyboard */; };
		29138FD02413FE0200785968 /* DescribeController.swift in Sources */ = {isa = PBXBuildFile; fileRef = 29138FCF2413FE0200785968 /* DescribeController.swift */; };
		29138FD4241404CA00785968 /* Painting.swift in Sources */ = {isa = PBXBuildFile; fileRef = 29138FD3241404CA00785968 /* Painting.swift */; };
		2934C314240AFA270009ED78 /* Level.swift in Sources */ = {isa = PBXBuildFile; fileRef = 2934C313240AFA270009ED78 /* Level.swift */; };
		2934C316240B0C070009ED78 /* LevelsManager.swift in Sources */ = {isa = PBXBuildFile; fileRef = 2934C315240B0C070009ED78 /* LevelsManager.swift */; };
		2934C318240B0F180009ED78 /* QuizBrain.swift in Sources */ = {isa = PBXBuildFile; fileRef = 2934C317240B0F180009ED78 /* QuizBrain.swift */; };
		2934C31A240B10B20009ED78 /* Question.swift in Sources */ = {isa = PBXBuildFile; fileRef = 2934C319240B10B20009ED78 /* Question.swift */; };
		295ED916241CC1F400EA382F /* AppUIConfiguration.swift in Sources */ = {isa = PBXBuildFile; fileRef = 295ED915241CC1F400EA382F /* AppUIConfiguration.swift */; };
		295ED918241CC2B900EA382F /* AppGenericConfigurationProtocol.swift in Sources */ = {isa = PBXBuildFile; fileRef = 295ED917241CC2B900EA382F /* AppGenericConfigurationProtocol.swift */; };
		295ED91C241CC35600EA382F /* UIImage.swift in Sources */ = {isa = PBXBuildFile; fileRef = 295ED91B241CC35600EA382F /* UIImage.swift */; };
		295ED91E241CC39800EA382F /* UIColor.swift in Sources */ = {isa = PBXBuildFile; fileRef = 295ED91D241CC39800EA382F /* UIColor.swift */; };
		295ED920241CC82200EA382F /* RootViewController.swift in Sources */ = {isa = PBXBuildFile; fileRef = 295ED91F241CC82200EA382F /* RootViewController.swift */; };
		295ED924241CC99400EA382F /* HomeController.swift in Sources */ = {isa = PBXBuildFile; fileRef = 295ED923241CC99400EA382F /* HomeController.swift */; };
		295ED92B241D19A400EA382F /* GenericCollectionViewController.swift in Sources */ = {isa = PBXBuildFile; fileRef = 295ED92A241D19A400EA382F /* GenericCollectionViewController.swift */; };
		2963A5BB240EE36B006E1ED7 /* LevelPreview.storyboard in Resources */ = {isa = PBXBuildFile; fileRef = 2963A5BA240EE36B006E1ED7 /* LevelPreview.storyboard */; };
		2963A5BD240EE52E006E1ED7 /* Quiz.storyboard in Resources */ = {isa = PBXBuildFile; fileRef = 2963A5BC240EE52E006E1ED7 /* Quiz.storyboard */; };
		2963A5BF240EE659006E1ED7 /* Results.storyboard in Resources */ = {isa = PBXBuildFile; fileRef = 2963A5BE240EE659006E1ED7 /* Results.storyboard */; };
		2963A5C1240EEEAE006E1ED7 /* LevelsController.swift in Sources */ = {isa = PBXBuildFile; fileRef = 2963A5C0240EEEAE006E1ED7 /* LevelsController.swift */; };
		2963A5C3240EEEC4006E1ED7 /* Levels.storyboard in Resources */ = {isa = PBXBuildFile; fileRef = 2963A5C2240EEEC4006E1ED7 /* Levels.storyboard */; };
		29684D7D2416573C002208DE /* StrechyHeaderLayout.swift in Sources */ = {isa = PBXBuildFile; fileRef = 29684D7C2416573C002208DE /* StrechyHeaderLayout.swift */; };
		29684D842416CA87002208DE /* ListingController.swift in Sources */ = {isa = PBXBuildFile; fileRef = 29684D832416CA87002208DE /* ListingController.swift */; };
		29684D862416CA97002208DE /* Listing.storyboard in Resources */ = {isa = PBXBuildFile; fileRef = 29684D852416CA97002208DE /* Listing.storyboard */; };
		29684D892416CDC3002208DE /* CategoryCell.swift in Sources */ = {isa = PBXBuildFile; fileRef = 29684D882416CDC3002208DE /* CategoryCell.swift */; };
		296F06A4240A69DF00E220BE /* Constants.swift in Sources */ = {isa = PBXBuildFile; fileRef = 296F06A3240A69DF00E220BE /* Constants.swift */; };
		296F06A6240A780600E220BE /* LevelPreviewController1.swift in Sources */ = {isa = PBXBuildFile; fileRef = 296F06A5240A780600E220BE /* LevelPreviewController1.swift */; };
		296FB70F240C42A0008A8A5B /* ResultsController.swift in Sources */ = {isa = PBXBuildFile; fileRef = 296FB70E240C42A0008A8A5B /* ResultsController.swift */; };
		2970FC41240AD18C009B9DAD /* QuizController.swift in Sources */ = {isa = PBXBuildFile; fileRef = 2970FC40240AD18C009B9DAD /* QuizController.swift */; };
		29B21AB924195696000D1BAB /* Category.swift in Sources */ = {isa = PBXBuildFile; fileRef = 29B21AB824195696000D1BAB /* Category.swift */; };
		29B21AC024195DDC000D1BAB /* PaintingCell.swift in Sources */ = {isa = PBXBuildFile; fileRef = 29B21ABE24195DDC000D1BAB /* PaintingCell.swift */; };
		29B21AC124195DDC000D1BAB /* PaintingCell.xib in Resources */ = {isa = PBXBuildFile; fileRef = 29B21ABF24195DDC000D1BAB /* PaintingCell.xib */; };
		29BD75AA2411958B0020058C /* Painter.swift in Sources */ = {isa = PBXBuildFile; fileRef = 29BD75A92411958B0020058C /* Painter.swift */; };
		29EE329E2409B8DA008547E5 /* AppDelegate.swift in Sources */ = {isa = PBXBuildFile; fileRef = 29EE329D2409B8DA008547E5 /* AppDelegate.swift */; };
		29EE32A02409B8DA008547E5 /* SceneDelegate.swift in Sources */ = {isa = PBXBuildFile; fileRef = 29EE329F2409B8DA008547E5 /* SceneDelegate.swift */; };
		29EE32A52409B8DA008547E5 /* Main.storyboard in Resources */ = {isa = PBXBuildFile; fileRef = 29EE32A32409B8DA008547E5 /* Main.storyboard */; };
		29EE32A72409B8DC008547E5 /* Assets.xcassets in Resources */ = {isa = PBXBuildFile; fileRef = 29EE32A62409B8DC008547E5 /* Assets.xcassets */; };
		29EE32AA2409B8DC008547E5 /* LaunchScreen.storyboard in Resources */ = {isa = PBXBuildFile; fileRef = 29EE32A82409B8DC008547E5 /* LaunchScreen.storyboard */; };
		29F60FD4241E561300449A84 /* LevelCell.swift in Sources */ = {isa = PBXBuildFile; fileRef = 29F60FD3241E561300449A84 /* LevelCell.swift */; };
		29F60FD7241E57EA00449A84 /* LevelPreviewController.swift in Sources */ = {isa = PBXBuildFile; fileRef = 29F60FD6241E57EA00449A84 /* LevelPreviewController.swift */; };
		29FEF54E24158915003F3271 /* DetailHeader.swift in Sources */ = {isa = PBXBuildFile; fileRef = 29FEF54C24158915003F3271 /* DetailHeader.swift */; };
		29FEF54F24158915003F3271 /* DetailHeader.xib in Resources */ = {isa = PBXBuildFile; fileRef = 29FEF54D24158915003F3271 /* DetailHeader.xib */; };
		683DC3E1888DE55B9A14F430 /* libPods-What Painter.a in Frameworks */ = {isa = PBXBuildFile; fileRef = 75FF9272CA129C09BFAF79D8 /* libPods-What Painter.a */; };
/* End PBXBuildFile section */

/* Begin PBXFileReference section */
		29138FCB2413E01700785968 /* Describe.storyboard */ = {isa = PBXFileReference; lastKnownFileType = file.storyboard; path = Describe.storyboard; sourceTree = "<group>"; };
		29138FCF2413FE0200785968 /* DescribeController.swift */ = {isa = PBXFileReference; lastKnownFileType = sourcecode.swift; path = DescribeController.swift; sourceTree = "<group>"; };
		29138FD3241404CA00785968 /* Painting.swift */ = {isa = PBXFileReference; lastKnownFileType = sourcecode.swift; path = Painting.swift; sourceTree = "<group>"; };
		2934C313240AFA270009ED78 /* Level.swift */ = {isa = PBXFileReference; lastKnownFileType = sourcecode.swift; path = Level.swift; sourceTree = "<group>"; };
		2934C315240B0C070009ED78 /* LevelsManager.swift */ = {isa = PBXFileReference; lastKnownFileType = sourcecode.swift; path = LevelsManager.swift; sourceTree = "<group>"; };
		2934C317240B0F180009ED78 /* QuizBrain.swift */ = {isa = PBXFileReference; lastKnownFileType = sourcecode.swift; path = QuizBrain.swift; sourceTree = "<group>"; };
		2934C319240B10B20009ED78 /* Question.swift */ = {isa = PBXFileReference; lastKnownFileType = sourcecode.swift; path = Question.swift; sourceTree = "<group>"; };
		295ED915241CC1F400EA382F /* AppUIConfiguration.swift */ = {isa = PBXFileReference; lastKnownFileType = sourcecode.swift; path = AppUIConfiguration.swift; sourceTree = "<group>"; };
		295ED917241CC2B900EA382F /* AppGenericConfigurationProtocol.swift */ = {isa = PBXFileReference; lastKnownFileType = sourcecode.swift; path = AppGenericConfigurationProtocol.swift; sourceTree = "<group>"; };
		295ED91B241CC35600EA382F /* UIImage.swift */ = {isa = PBXFileReference; lastKnownFileType = sourcecode.swift; path = UIImage.swift; sourceTree = "<group>"; };
		295ED91D241CC39800EA382F /* UIColor.swift */ = {isa = PBXFileReference; lastKnownFileType = sourcecode.swift; path = UIColor.swift; sourceTree = "<group>"; };
		295ED91F241CC82200EA382F /* RootViewController.swift */ = {isa = PBXFileReference; lastKnownFileType = sourcecode.swift; path = RootViewController.swift; sourceTree = "<group>"; };
		295ED923241CC99400EA382F /* HomeController.swift */ = {isa = PBXFileReference; lastKnownFileType = sourcecode.swift; path = HomeController.swift; sourceTree = "<group>"; };
		295ED92A241D19A400EA382F /* GenericCollectionViewController.swift */ = {isa = PBXFileReference; lastKnownFileType = sourcecode.swift; path = GenericCollectionViewController.swift; sourceTree = "<group>"; };
		2963A5BA240EE36B006E1ED7 /* LevelPreview.storyboard */ = {isa = PBXFileReference; lastKnownFileType = file.storyboard; path = LevelPreview.storyboard; sourceTree = "<group>"; };
		2963A5BC240EE52E006E1ED7 /* Quiz.storyboard */ = {isa = PBXFileReference; lastKnownFileType = file.storyboard; path = Quiz.storyboard; sourceTree = "<group>"; };
		2963A5BE240EE659006E1ED7 /* Results.storyboard */ = {isa = PBXFileReference; lastKnownFileType = file.storyboard; path = Results.storyboard; sourceTree = "<group>"; };
		2963A5C0240EEEAE006E1ED7 /* LevelsController.swift */ = {isa = PBXFileReference; lastKnownFileType = sourcecode.swift; path = LevelsController.swift; sourceTree = "<group>"; };
		2963A5C2240EEEC4006E1ED7 /* Levels.storyboard */ = {isa = PBXFileReference; lastKnownFileType = file.storyboard; path = Levels.storyboard; sourceTree = "<group>"; };
		29684D7C2416573C002208DE /* StrechyHeaderLayout.swift */ = {isa = PBXFileReference; lastKnownFileType = sourcecode.swift; path = StrechyHeaderLayout.swift; sourceTree = "<group>"; };
		29684D832416CA87002208DE /* ListingController.swift */ = {isa = PBXFileReference; lastKnownFileType = sourcecode.swift; path = ListingController.swift; sourceTree = "<group>"; };
		29684D852416CA97002208DE /* Listing.storyboard */ = {isa = PBXFileReference; lastKnownFileType = file.storyboard; path = Listing.storyboard; sourceTree = "<group>"; };
		29684D882416CDC3002208DE /* CategoryCell.swift */ = {isa = PBXFileReference; lastKnownFileType = sourcecode.swift; path = CategoryCell.swift; sourceTree = "<group>"; };
		296F06A3240A69DF00E220BE /* Constants.swift */ = {isa = PBXFileReference; lastKnownFileType = sourcecode.swift; path = Constants.swift; sourceTree = "<group>"; };
		296F06A5240A780600E220BE /* LevelPreviewController1.swift */ = {isa = PBXFileReference; lastKnownFileType = sourcecode.swift; path = LevelPreviewController1.swift; sourceTree = "<group>"; };
		296FB70E240C42A0008A8A5B /* ResultsController.swift */ = {isa = PBXFileReference; lastKnownFileType = sourcecode.swift; path = ResultsController.swift; sourceTree = "<group>"; };
		2970FC40240AD18C009B9DAD /* QuizController.swift */ = {isa = PBXFileReference; lastKnownFileType = sourcecode.swift; path = QuizController.swift; sourceTree = "<group>"; };
		29B21AB824195696000D1BAB /* Category.swift */ = {isa = PBXFileReference; lastKnownFileType = sourcecode.swift; path = Category.swift; sourceTree = "<group>"; };
		29B21ABE24195DDC000D1BAB /* PaintingCell.swift */ = {isa = PBXFileReference; lastKnownFileType = sourcecode.swift; path = PaintingCell.swift; sourceTree = "<group>"; };
		29B21ABF24195DDC000D1BAB /* PaintingCell.xib */ = {isa = PBXFileReference; lastKnownFileType = file.xib; path = PaintingCell.xib; sourceTree = "<group>"; };
		29BD75A92411958B0020058C /* Painter.swift */ = {isa = PBXFileReference; lastKnownFileType = sourcecode.swift; path = Painter.swift; sourceTree = "<group>"; };
		29EE329A2409B8DA008547E5 /* What Painter.app */ = {isa = PBXFileReference; explicitFileType = wrapper.application; includeInIndex = 0; path = "What Painter.app"; sourceTree = BUILT_PRODUCTS_DIR; };
		29EE329D2409B8DA008547E5 /* AppDelegate.swift */ = {isa = PBXFileReference; lastKnownFileType = sourcecode.swift; path = AppDelegate.swift; sourceTree = "<group>"; };
		29EE329F2409B8DA008547E5 /* SceneDelegate.swift */ = {isa = PBXFileReference; lastKnownFileType = sourcecode.swift; path = SceneDelegate.swift; sourceTree = "<group>"; };
		29EE32A42409B8DA008547E5 /* Base */ = {isa = PBXFileReference; lastKnownFileType = file.storyboard; name = Base; path = Base.lproj/Main.storyboard; sourceTree = "<group>"; };
		29EE32A62409B8DC008547E5 /* Assets.xcassets */ = {isa = PBXFileReference; lastKnownFileType = folder.assetcatalog; path = Assets.xcassets; sourceTree = "<group>"; };
		29EE32A92409B8DC008547E5 /* Base */ = {isa = PBXFileReference; lastKnownFileType = file.storyboard; name = Base; path = Base.lproj/LaunchScreen.storyboard; sourceTree = "<group>"; };
		29EE32AB2409B8DC008547E5 /* Info.plist */ = {isa = PBXFileReference; lastKnownFileType = text.plist.xml; path = Info.plist; sourceTree = "<group>"; };
		29F60FD3241E561300449A84 /* LevelCell.swift */ = {isa = PBXFileReference; lastKnownFileType = sourcecode.swift; path = LevelCell.swift; sourceTree = "<group>"; };
		29F60FD6241E57EA00449A84 /* LevelPreviewController.swift */ = {isa = PBXFileReference; lastKnownFileType = sourcecode.swift; path = LevelPreviewController.swift; sourceTree = "<group>"; };
		29FEF54C24158915003F3271 /* DetailHeader.swift */ = {isa = PBXFileReference; lastKnownFileType = sourcecode.swift; path = DetailHeader.swift; sourceTree = "<group>"; };
		29FEF54D24158915003F3271 /* DetailHeader.xib */ = {isa = PBXFileReference; lastKnownFileType = file.xib; path = DetailHeader.xib; sourceTree = "<group>"; };
		75FF9272CA129C09BFAF79D8 /* libPods-What Painter.a */ = {isa = PBXFileReference; explicitFileType = archive.ar; includeInIndex = 0; path = "libPods-What Painter.a"; sourceTree = BUILT_PRODUCTS_DIR; };
		C6351529AC64F46E34F63FED /* Pods-What Painter.release.xcconfig */ = {isa = PBXFileReference; includeInIndex = 1; lastKnownFileType = text.xcconfig; name = "Pods-What Painter.release.xcconfig"; path = "Target Support Files/Pods-What Painter/Pods-What Painter.release.xcconfig"; sourceTree = "<group>"; };
		F654910C5E2D67B6D6C40055 /* Pods-What Painter.debug.xcconfig */ = {isa = PBXFileReference; includeInIndex = 1; lastKnownFileType = text.xcconfig; name = "Pods-What Painter.debug.xcconfig"; path = "Target Support Files/Pods-What Painter/Pods-What Painter.debug.xcconfig"; sourceTree = "<group>"; };
/* End PBXFileReference section */

/* Begin PBXFrameworksBuildPhase section */
		29EE32972409B8DA008547E5 /* Frameworks */ = {
			isa = PBXFrameworksBuildPhase;
			buildActionMask = 2147483647;
			files = (
				683DC3E1888DE55B9A14F430 /* libPods-What Painter.a in Frameworks */,
			);
			runOnlyForDeploymentPostprocessing = 0;
		};
/* End PBXFrameworksBuildPhase section */

/* Begin PBXGroup section */
		29138FC12413A74600785968 /* Cells */ = {
			isa = PBXGroup;
			children = (
				29B21ABB24195D00000D1BAB /* PaintingCell */,
				29684D872416CD97002208DE /* CategoryCell */,
				29FEF5502415891C003F3271 /* DetailHeader */,
			);
			path = Cells;
			sourceTree = "<group>";
		};
		295ED914241CC0D800EA382F /* Core */ = {
			isa = PBXGroup;
			children = (
				295ED921241CC95300EA382F /* What Painter */,
				296F06A1240A4F4B00E220BE /* Models */,
				29EE32B12409BADB008547E5 /* Views */,
				29EE32B22409BAE4008547E5 /* Controllers */,
				295ED91A241CC33D00EA382F /* Extensions */,
				295ED919241CC2D100EA382F /* Helpers */,
				296F06A3240A69DF00E220BE /* Constants.swift */,
			);
			path = Core;
			sourceTree = "<group>";
		};
		295ED919241CC2D100EA382F /* Helpers */ = {
			isa = PBXGroup;
			children = (
				295ED917241CC2B900EA382F /* AppGenericConfigurationProtocol.swift */,
			);
			path = Helpers;
			sourceTree = "<group>";
		};
		295ED91A241CC33D00EA382F /* Extensions */ = {
			isa = PBXGroup;
			children = (
				295ED91B241CC35600EA382F /* UIImage.swift */,
				295ED91D241CC39800EA382F /* UIColor.swift */,
			);
			path = Extensions;
			sourceTree = "<group>";
		};
		295ED921241CC95300EA382F /* What Painter */ = {
			isa = PBXGroup;
			children = (
				295ED922241CC97300EA382F /* ViewControllers */,
			);
			path = "What Painter";
			sourceTree = "<group>";
		};
		295ED922241CC97300EA382F /* ViewControllers */ = {
			isa = PBXGroup;
			children = (
				295ED923241CC99400EA382F /* HomeController.swift */,
				29F60FD6241E57EA00449A84 /* LevelPreviewController.swift */,
			);
			path = ViewControllers;
			sourceTree = "<group>";
		};
		295ED927241D195A00EA382F /* old */ = {
			isa = PBXGroup;
			children = (
				296F06A5240A780600E220BE /* LevelPreviewController1.swift */,
				2970FC40240AD18C009B9DAD /* QuizController.swift */,
				296FB70E240C42A0008A8A5B /* ResultsController.swift */,
				2963A5C0240EEEAE006E1ED7 /* LevelsController.swift */,
				29138FCF2413FE0200785968 /* DescribeController.swift */,
				29684D832416CA87002208DE /* ListingController.swift */,
			);
			path = old;
			sourceTree = "<group>";
		};
		295ED928241D196A00EA382F /* old */ = {
			isa = PBXGroup;
			children = (
				29EE32A32409B8DA008547E5 /* Main.storyboard */,
				2963A5BA240EE36B006E1ED7 /* LevelPreview.storyboard */,
				2963A5BC240EE52E006E1ED7 /* Quiz.storyboard */,
				2963A5BE240EE659006E1ED7 /* Results.storyboard */,
				2963A5C2240EEEC4006E1ED7 /* Levels.storyboard */,
				29138FCB2413E01700785968 /* Describe.storyboard */,
				29684D852416CA97002208DE /* Listing.storyboard */,
			);
			path = old;
			sourceTree = "<group>";
		};
		295ED929241D197F00EA382F /* old */ = {
			isa = PBXGroup;
			children = (
				29684D7B241656E9002208DE /* Layouts */,
				29138FC12413A74600785968 /* Cells */,
				295ED928241D196A00EA382F /* old */,
			);
			path = old;
			sourceTree = "<group>";
		};
		29684D7B241656E9002208DE /* Layouts */ = {
			isa = PBXGroup;
			children = (
				29684D7C2416573C002208DE /* StrechyHeaderLayout.swift */,
			);
			path = Layouts;
			sourceTree = "<group>";
		};
		29684D872416CD97002208DE /* CategoryCell */ = {
			isa = PBXGroup;
			children = (
				29684D882416CDC3002208DE /* CategoryCell.swift */,
			);
			path = CategoryCell;
			sourceTree = "<group>";
		};
		296F06A1240A4F4B00E220BE /* Models */ = {
			isa = PBXGroup;
			children = (
				2934C313240AFA270009ED78 /* Level.swift */,
				2934C315240B0C070009ED78 /* LevelsManager.swift */,
				2934C317240B0F180009ED78 /* QuizBrain.swift */,
				2934C319240B10B20009ED78 /* Question.swift */,
				29BD75A92411958B0020058C /* Painter.swift */,
				29138FD3241404CA00785968 /* Painting.swift */,
				29B21AB824195696000D1BAB /* Category.swift */,
			);
			path = Models;
			sourceTree = "<group>";
		};
		29800AA2241E503F00EEADA3 /* cells */ = {
			isa = PBXGroup;
			children = (
				29F60FD5241E561D00449A84 /* LevelCell */,
			);
			path = cells;
			sourceTree = "<group>";
		};
		29B21ABB24195D00000D1BAB /* PaintingCell */ = {
			isa = PBXGroup;
			children = (
				29B21ABE24195DDC000D1BAB /* PaintingCell.swift */,
				29B21ABF24195DDC000D1BAB /* PaintingCell.xib */,
			);
			path = PaintingCell;
			sourceTree = "<group>";
		};
		29EE32912409B8DA008547E5 = {
			isa = PBXGroup;
			children = (
				29EE329C2409B8DA008547E5 /* What Painter */,
				29EE329B2409B8DA008547E5 /* Products */,
				5A21986CD8EB8EB0BF00BFEC /* Pods */,
				5B029DE95DE96101B407A25D /* Frameworks */,
			);
			sourceTree = "<group>";
		};
		29EE329B2409B8DA008547E5 /* Products */ = {
			isa = PBXGroup;
			children = (
				29EE329A2409B8DA008547E5 /* What Painter.app */,
			);
			name = Products;
			sourceTree = "<group>";
		};
		29EE329C2409B8DA008547E5 /* What Painter */ = {
			isa = PBXGroup;
			children = (
				295ED914241CC0D800EA382F /* Core */,
				29EE329D2409B8DA008547E5 /* AppDelegate.swift */,
				29EE329F2409B8DA008547E5 /* SceneDelegate.swift */,
				29EE32A62409B8DC008547E5 /* Assets.xcassets */,
				29EE32A82409B8DC008547E5 /* LaunchScreen.storyboard */,
				29EE32AB2409B8DC008547E5 /* Info.plist */,
				295ED915241CC1F400EA382F /* AppUIConfiguration.swift */,
				295ED91F241CC82200EA382F /* RootViewController.swift */,
			);
			path = "What Painter";
			sourceTree = "<group>";
		};
		29EE32B12409BADB008547E5 /* Views */ = {
			isa = PBXGroup;
			children = (
				29800AA2241E503F00EEADA3 /* cells */,
				295ED929241D197F00EA382F /* old */,
			);
			path = Views;
			sourceTree = "<group>";
		};
		29EE32B22409BAE4008547E5 /* Controllers */ = {
			isa = PBXGroup;
			children = (
				295ED927241D195A00EA382F /* old */,
				295ED92A241D19A400EA382F /* GenericCollectionViewController.swift */,
			);
			path = Controllers;
			sourceTree = "<group>";
		};
		29F60FD5241E561D00449A84 /* LevelCell */ = {
			isa = PBXGroup;
			children = (
				29F60FD3241E561300449A84 /* LevelCell.swift */,
			);
			path = LevelCell;
			sourceTree = "<group>";
		};
		29FEF5502415891C003F3271 /* DetailHeader */ = {
			isa = PBXGroup;
			children = (
				29FEF54C24158915003F3271 /* DetailHeader.swift */,
				29FEF54D24158915003F3271 /* DetailHeader.xib */,
			);
			path = DetailHeader;
			sourceTree = "<group>";
		};
		5A21986CD8EB8EB0BF00BFEC /* Pods */ = {
			isa = PBXGroup;
			children = (
				F654910C5E2D67B6D6C40055 /* Pods-What Painter.debug.xcconfig */,
				C6351529AC64F46E34F63FED /* Pods-What Painter.release.xcconfig */,
			);
			path = Pods;
			sourceTree = "<group>";
		};
		5B029DE95DE96101B407A25D /* Frameworks */ = {
			isa = PBXGroup;
			children = (
				75FF9272CA129C09BFAF79D8 /* libPods-What Painter.a */,
			);
			name = Frameworks;
			sourceTree = "<group>";
		};
/* End PBXGroup section */

/* Begin PBXNativeTarget section */
		29EE32992409B8DA008547E5 /* What Painter */ = {
			isa = PBXNativeTarget;
			buildConfigurationList = 29EE32AE2409B8DC008547E5 /* Build configuration list for PBXNativeTarget "What Painter" */;
			buildPhases = (
				7AF6A6DE319A9F9188FDAB4A /* [CP] Check Pods Manifest.lock */,
				29EE32962409B8DA008547E5 /* Sources */,
				29EE32972409B8DA008547E5 /* Frameworks */,
				29EE32982409B8DA008547E5 /* Resources */,
			);
			buildRules = (
			);
			dependencies = (
			);
			name = "What Painter";
			productName = "What Painter";
			productReference = 29EE329A2409B8DA008547E5 /* What Painter.app */;
			productType = "com.apple.product-type.application";
		};
/* End PBXNativeTarget section */

/* Begin PBXProject section */
		29EE32922409B8DA008547E5 /* Project object */ = {
			isa = PBXProject;
			attributes = {
				LastSwiftUpdateCheck = 1130;
				LastUpgradeCheck = 1130;
				ORGANIZATIONNAME = "Александров Денис Александрович";
				TargetAttributes = {
					29EE32992409B8DA008547E5 = {
						CreatedOnToolsVersion = 11.3.1;
					};
				};
			};
			buildConfigurationList = 29EE32952409B8DA008547E5 /* Build configuration list for PBXProject "What Painter" */;
			compatibilityVersion = "Xcode 9.3";
			developmentRegion = en;
			hasScannedForEncodings = 0;
			knownRegions = (
				en,
				Base,
			);
			mainGroup = 29EE32912409B8DA008547E5;
			productRefGroup = 29EE329B2409B8DA008547E5 /* Products */;
			projectDirPath = "";
			projectRoot = "";
			targets = (
				29EE32992409B8DA008547E5 /* What Painter */,
			);
		};
/* End PBXProject section */

/* Begin PBXResourcesBuildPhase section */
		29EE32982409B8DA008547E5 /* Resources */ = {
			isa = PBXResourcesBuildPhase;
			buildActionMask = 2147483647;
			files = (
				29138FCC2413E01700785968 /* Describe.storyboard in Resources */,
				2963A5BB240EE36B006E1ED7 /* LevelPreview.storyboard in Resources */,
				29EE32AA2409B8DC008547E5 /* LaunchScreen.storyboard in Resources */,
				2963A5BF240EE659006E1ED7 /* Results.storyboard in Resources */,
				2963A5C3240EEEC4006E1ED7 /* Levels.storyboard in Resources */,
				29FEF54F24158915003F3271 /* DetailHeader.xib in Resources */,
				29EE32A72409B8DC008547E5 /* Assets.xcassets in Resources */,
				29B21AC124195DDC000D1BAB /* PaintingCell.xib in Resources */,
				29EE32A52409B8DA008547E5 /* Main.storyboard in Resources */,
				2963A5BD240EE52E006E1ED7 /* Quiz.storyboard in Resources */,
				29684D862416CA97002208DE /* Listing.storyboard in Resources */,
			);
			runOnlyForDeploymentPostprocessing = 0;
		};
/* End PBXResourcesBuildPhase section */

/* Begin PBXShellScriptBuildPhase section */
		7AF6A6DE319A9F9188FDAB4A /* [CP] Check Pods Manifest.lock */ = {
			isa = PBXShellScriptBuildPhase;
			buildActionMask = 2147483647;
			files = (
			);
			inputFileListPaths = (
			);
			inputPaths = (
				"${PODS_PODFILE_DIR_PATH}/Podfile.lock",
				"${PODS_ROOT}/Manifest.lock",
			);
			name = "[CP] Check Pods Manifest.lock";
			outputFileListPaths = (
			);
			outputPaths = (
				"$(DERIVED_FILE_DIR)/Pods-What Painter-checkManifestLockResult.txt",
			);
			runOnlyForDeploymentPostprocessing = 0;
			shellPath = /bin/sh;
			shellScript = "diff \"${PODS_PODFILE_DIR_PATH}/Podfile.lock\" \"${PODS_ROOT}/Manifest.lock\" > /dev/null\nif [ $? != 0 ] ; then\n    # print error to STDERR\n    echo \"error: The sandbox is not in sync with the Podfile.lock. Run 'pod install' or update your CocoaPods installation.\" >&2\n    exit 1\nfi\n# This output is used by Xcode 'outputs' to avoid re-running this script phase.\necho \"SUCCESS\" > \"${SCRIPT_OUTPUT_FILE_0}\"\n";
			showEnvVarsInLog = 0;
		};
/* End PBXShellScriptBuildPhase section */

/* Begin PBXSourcesBuildPhase section */
		29EE32962409B8DA008547E5 /* Sources */ = {
			isa = PBXSourcesBuildPhase;
			buildActionMask = 2147483647;
			files = (
				295ED916241CC1F400EA382F /* AppUIConfiguration.swift in Sources */,
				2934C316240B0C070009ED78 /* LevelsManager.swift in Sources */,
				29FEF54E24158915003F3271 /* DetailHeader.swift in Sources */,
				29B21AC024195DDC000D1BAB /* PaintingCell.swift in Sources */,
				29F60FD7241E57EA00449A84 /* LevelPreviewController.swift in Sources */,
				295ED920241CC82200EA382F /* RootViewController.swift in Sources */,
				296F06A6240A780600E220BE /* LevelPreviewController1.swift in Sources */,
				2970FC41240AD18C009B9DAD /* QuizController.swift in Sources */,
				295ED924241CC99400EA382F /* HomeController.swift in Sources */,
				29EE329E2409B8DA008547E5 /* AppDelegate.swift in Sources */,
				29BD75AA2411958B0020058C /* Painter.swift in Sources */,
				295ED92B241D19A400EA382F /* GenericCollectionViewController.swift in Sources */,
				295ED91C241CC35600EA382F /* UIImage.swift in Sources */,
				295ED918241CC2B900EA382F /* AppGenericConfigurationProtocol.swift in Sources */,
				29EE32A02409B8DA008547E5 /* SceneDelegate.swift in Sources */,
				29F60FD4241E561300449A84 /* LevelCell.swift in Sources */,
				2934C31A240B10B20009ED78 /* Question.swift in Sources */,
				29684D842416CA87002208DE /* ListingController.swift in Sources */,
				296FB70F240C42A0008A8A5B /* ResultsController.swift in Sources */,
				29138FD02413FE0200785968 /* DescribeController.swift in Sources */,
				2963A5C1240EEEAE006E1ED7 /* LevelsController.swift in Sources */,
				29B21AB924195696000D1BAB /* Category.swift in Sources */,
				296F06A4240A69DF00E220BE /* Constants.swift in Sources */,
				295ED91E241CC39800EA382F /* UIColor.swift in Sources */,
				2934C318240B0F180009ED78 /* QuizBrain.swift in Sources */,
				29138FD4241404CA00785968 /* Painting.swift in Sources */,
				29684D7D2416573C002208DE /* StrechyHeaderLayout.swift in Sources */,
				2934C314240AFA270009ED78 /* Level.swift in Sources */,
				29684D892416CDC3002208DE /* CategoryCell.swift in Sources */,
			);
			runOnlyForDeploymentPostprocessing = 0;
		};
/* End PBXSourcesBuildPhase section */

/* Begin PBXVariantGroup section */
		29EE32A32409B8DA008547E5 /* Main.storyboard */ = {
			isa = PBXVariantGroup;
			children = (
				29EE32A42409B8DA008547E5 /* Base */,
			);
			name = Main.storyboard;
			sourceTree = "<group>";
		};
		29EE32A82409B8DC008547E5 /* LaunchScreen.storyboard */ = {
			isa = PBXVariantGroup;
			children = (
				29EE32A92409B8DC008547E5 /* Base */,
			);
			name = LaunchScreen.storyboard;
			sourceTree = "<group>";
		};
/* End PBXVariantGroup section */

/* Begin XCBuildConfiguration section */
		29EE32AC2409B8DC008547E5 /* Debug */ = {
			isa = XCBuildConfiguration;
			buildSettings = {
				ALWAYS_SEARCH_USER_PATHS = NO;
				CLANG_ANALYZER_NONNULL = YES;
				CLANG_ANALYZER_NUMBER_OBJECT_CONVERSION = YES_AGGRESSIVE;
				CLANG_CXX_LANGUAGE_STANDARD = "gnu++14";
				CLANG_CXX_LIBRARY = "libc++";
				CLANG_ENABLE_MODULES = YES;
				CLANG_ENABLE_OBJC_ARC = YES;
				CLANG_ENABLE_OBJC_WEAK = YES;
				CLANG_WARN_BLOCK_CAPTURE_AUTORELEASING = YES;
				CLANG_WARN_BOOL_CONVERSION = YES;
				CLANG_WARN_COMMA = YES;
				CLANG_WARN_CONSTANT_CONVERSION = YES;
				CLANG_WARN_DEPRECATED_OBJC_IMPLEMENTATIONS = YES;
				CLANG_WARN_DIRECT_OBJC_ISA_USAGE = YES_ERROR;
				CLANG_WARN_DOCUMENTATION_COMMENTS = YES;
				CLANG_WARN_EMPTY_BODY = YES;
				CLANG_WARN_ENUM_CONVERSION = YES;
				CLANG_WARN_INFINITE_RECURSION = YES;
				CLANG_WARN_INT_CONVERSION = YES;
				CLANG_WARN_NON_LITERAL_NULL_CONVERSION = YES;
				CLANG_WARN_OBJC_IMPLICIT_RETAIN_SELF = YES;
				CLANG_WARN_OBJC_LITERAL_CONVERSION = YES;
				CLANG_WARN_OBJC_ROOT_CLASS = YES_ERROR;
				CLANG_WARN_RANGE_LOOP_ANALYSIS = YES;
				CLANG_WARN_STRICT_PROTOTYPES = YES;
				CLANG_WARN_SUSPICIOUS_MOVE = YES;
				CLANG_WARN_UNGUARDED_AVAILABILITY = YES_AGGRESSIVE;
				CLANG_WARN_UNREACHABLE_CODE = YES;
				CLANG_WARN__DUPLICATE_METHOD_MATCH = YES;
				COPY_PHASE_STRIP = NO;
				DEBUG_INFORMATION_FORMAT = dwarf;
				ENABLE_STRICT_OBJC_MSGSEND = YES;
				ENABLE_TESTABILITY = YES;
				GCC_C_LANGUAGE_STANDARD = gnu11;
				GCC_DYNAMIC_NO_PIC = NO;
				GCC_NO_COMMON_BLOCKS = YES;
				GCC_OPTIMIZATION_LEVEL = 0;
				GCC_PREPROCESSOR_DEFINITIONS = (
					"DEBUG=1",
					"$(inherited)",
				);
				GCC_WARN_64_TO_32_BIT_CONVERSION = YES;
				GCC_WARN_ABOUT_RETURN_TYPE = YES_ERROR;
				GCC_WARN_UNDECLARED_SELECTOR = YES;
				GCC_WARN_UNINITIALIZED_AUTOS = YES_AGGRESSIVE;
				GCC_WARN_UNUSED_FUNCTION = YES;
				GCC_WARN_UNUSED_VARIABLE = YES;
				IPHONEOS_DEPLOYMENT_TARGET = 13.2;
				MTL_ENABLE_DEBUG_INFO = INCLUDE_SOURCE;
				MTL_FAST_MATH = YES;
				ONLY_ACTIVE_ARCH = YES;
				SDKROOT = iphoneos;
				SWIFT_ACTIVE_COMPILATION_CONDITIONS = DEBUG;
				SWIFT_OPTIMIZATION_LEVEL = "-Onone";
			};
			name = Debug;
		};
		29EE32AD2409B8DC008547E5 /* Release */ = {
			isa = XCBuildConfiguration;
			buildSettings = {
				ALWAYS_SEARCH_USER_PATHS = NO;
				CLANG_ANALYZER_NONNULL = YES;
				CLANG_ANALYZER_NUMBER_OBJECT_CONVERSION = YES_AGGRESSIVE;
				CLANG_CXX_LANGUAGE_STANDARD = "gnu++14";
				CLANG_CXX_LIBRARY = "libc++";
				CLANG_ENABLE_MODULES = YES;
				CLANG_ENABLE_OBJC_ARC = YES;
				CLANG_ENABLE_OBJC_WEAK = YES;
				CLANG_WARN_BLOCK_CAPTURE_AUTORELEASING = YES;
				CLANG_WARN_BOOL_CONVERSION = YES;
				CLANG_WARN_COMMA = YES;
				CLANG_WARN_CONSTANT_CONVERSION = YES;
				CLANG_WARN_DEPRECATED_OBJC_IMPLEMENTATIONS = YES;
				CLANG_WARN_DIRECT_OBJC_ISA_USAGE = YES_ERROR;
				CLANG_WARN_DOCUMENTATION_COMMENTS = YES;
				CLANG_WARN_EMPTY_BODY = YES;
				CLANG_WARN_ENUM_CONVERSION = YES;
				CLANG_WARN_INFINITE_RECURSION = YES;
				CLANG_WARN_INT_CONVERSION = YES;
				CLANG_WARN_NON_LITERAL_NULL_CONVERSION = YES;
				CLANG_WARN_OBJC_IMPLICIT_RETAIN_SELF = YES;
				CLANG_WARN_OBJC_LITERAL_CONVERSION = YES;
				CLANG_WARN_OBJC_ROOT_CLASS = YES_ERROR;
				CLANG_WARN_RANGE_LOOP_ANALYSIS = YES;
				CLANG_WARN_STRICT_PROTOTYPES = YES;
				CLANG_WARN_SUSPICIOUS_MOVE = YES;
				CLANG_WARN_UNGUARDED_AVAILABILITY = YES_AGGRESSIVE;
				CLANG_WARN_UNREACHABLE_CODE = YES;
				CLANG_WARN__DUPLICATE_METHOD_MATCH = YES;
				COPY_PHASE_STRIP = NO;
				DEBUG_INFORMATION_FORMAT = "dwarf-with-dsym";
				ENABLE_NS_ASSERTIONS = NO;
				ENABLE_STRICT_OBJC_MSGSEND = YES;
				GCC_C_LANGUAGE_STANDARD = gnu11;
				GCC_NO_COMMON_BLOCKS = YES;
				GCC_WARN_64_TO_32_BIT_CONVERSION = YES;
				GCC_WARN_ABOUT_RETURN_TYPE = YES_ERROR;
				GCC_WARN_UNDECLARED_SELECTOR = YES;
				GCC_WARN_UNINITIALIZED_AUTOS = YES_AGGRESSIVE;
				GCC_WARN_UNUSED_FUNCTION = YES;
				GCC_WARN_UNUSED_VARIABLE = YES;
				IPHONEOS_DEPLOYMENT_TARGET = 13.2;
				MTL_ENABLE_DEBUG_INFO = NO;
				MTL_FAST_MATH = YES;
				SDKROOT = iphoneos;
				SWIFT_COMPILATION_MODE = wholemodule;
				SWIFT_OPTIMIZATION_LEVEL = "-O";
				VALIDATE_PRODUCT = YES;
			};
			name = Release;
		};
		29EE32AF2409B8DC008547E5 /* Debug */ = {
			isa = XCBuildConfiguration;
			baseConfigurationReference = F654910C5E2D67B6D6C40055 /* Pods-What Painter.debug.xcconfig */;
			buildSettings = {
				ASSETCATALOG_COMPILER_APPICON_NAME = AppIcon;
				CODE_SIGN_STYLE = Automatic;
				DEVELOPMENT_TEAM = U6U7U5CXA5;
				INFOPLIST_FILE = "What Painter/Info.plist";
				LD_RUNPATH_SEARCH_PATHS = (
					"$(inherited)",
					"@executable_path/Frameworks",
				);
				PRODUCT_BUNDLE_IDENTIFIER = "com.denchiklut.What-Painter";
				PRODUCT_NAME = "$(TARGET_NAME)";
				SWIFT_VERSION = 5.0;
				TARGETED_DEVICE_FAMILY = 1;
			};
			name = Debug;
		};
		29EE32B02409B8DC008547E5 /* Release */ = {
			isa = XCBuildConfiguration;
			baseConfigurationReference = C6351529AC64F46E34F63FED /* Pods-What Painter.release.xcconfig */;
			buildSettings = {
				ASSETCATALOG_COMPILER_APPICON_NAME = AppIcon;
				CODE_SIGN_STYLE = Automatic;
				DEVELOPMENT_TEAM = U6U7U5CXA5;
				INFOPLIST_FILE = "What Painter/Info.plist";
				LD_RUNPATH_SEARCH_PATHS = (
					"$(inherited)",
					"@executable_path/Frameworks",
				);
				PRODUCT_BUNDLE_IDENTIFIER = "com.denchiklut.What-Painter";
				PRODUCT_NAME = "$(TARGET_NAME)";
				SWIFT_VERSION = 5.0;
				TARGETED_DEVICE_FAMILY = 1;
			};
			name = Release;
		};
/* End XCBuildConfiguration section */

/* Begin XCConfigurationList section */
		29EE32952409B8DA008547E5 /* Build configuration list for PBXProject "What Painter" */ = {
			isa = XCConfigurationList;
			buildConfigurations = (
				29EE32AC2409B8DC008547E5 /* Debug */,
				29EE32AD2409B8DC008547E5 /* Release */,
			);
			defaultConfigurationIsVisible = 0;
			defaultConfigurationName = Release;
		};
		29EE32AE2409B8DC008547E5 /* Build configuration list for PBXNativeTarget "What Painter" */ = {
			isa = XCConfigurationList;
			buildConfigurations = (
				29EE32AF2409B8DC008547E5 /* Debug */,
				29EE32B02409B8DC008547E5 /* Release */,
			);
			defaultConfigurationIsVisible = 0;
			defaultConfigurationName = Release;
		};
/* End XCConfigurationList section */
	};
	rootObject = 29EE32922409B8DA008547E5 /* Project object */;
}
